{
  "version": 4,
  "terraform_version": "1.1.9",
  "serial": 5,
  "lineage": "062344ed-397d-33d4-7ff2-42f195549614",
  "outputs": {},
  "resources": [
    {
      "mode": "managed",
      "type": "aws_s3_bucket",
      "name": "my-test-bucket",
      "provider": "provider[\"registry.terraform.io/hashicorp/aws\"]",
      "instances": [
        {
          "schema_version": 0,
          "attributes": {
            "acceleration_status": "",
            "acl": null,
            "arn": "arn:aws:s3:::my-tf-test-bucket-12312412412312",
            "bucket": "my-tf-test-bucket-12312412412312",
            "bucket_domain_name": "my-tf-test-bucket-12312412412312.s3.amazonaws.com",
            "bucket_prefix": null,
            "bucket_regional_domain_name": "my-tf-test-bucket-12312412412312.s3.amazonaws.com",
            "cors_rule": [],
            "force_destroy": false,
            "grant": [
              {
                "id": "1654852a40d6b402bd62b25666f621fa9e1fe61c6e96a619c00403a64c69509e",
                "permissions": [
                  "FULL_CONTROL"
                ],
                "type": "CanonicalUser",
                "uri": ""
              }
            ],
            "hosted_zone_id": "Z3AQBSTGFYJSTF",
            "id": "my-tf-test-bucket-12312412412312",
            "lifecycle_rule": [],
            "logging": [],
            "object_lock_configuration": [],
            "object_lock_enabled": false,
            "policy": "",
            "region": "us-east-1",
            "replication_configuration": [],
            "request_payer": "BucketOwner",
            "server_side_encryption_configuration": [],
            "tags": {
              "Environment": "Dev",
              "ManagedBy": "Terraform",
              "Name": "My bucket",
              "Owner": "Felipe Vieira"
            },
            "tags_all": {
              "Environment": "Dev",
              "ManagedBy": "Terraform",
              "Name": "My bucket",
              "Owner": "Felipe Vieira"
            },
            "versioning": [
              {
                "enabled": false,
                "mfa_delete": false
              }
            ],
            "website": [],
            "website_domain": null,
            "website_endpoint": null
          },
          "sensitive_attributes": [],
          "private": "bnVsbA=="
        }
      ]
    },
    {
      "mode": "managed",
      "type": "aws_s3_bucket_acl",
      "name": "my-test-bucket",
      "provider": "provider[\"registry.terraform.io/hashicorp/aws\"]",
      "instances": [
        {
          "schema_version": 0,
          "attributes": {
            "access_control_policy": [
              {
                "grant": [
                  {
                    "grantee": [
                      {
                        "display_name": "felip.3lima",
                        "email_address": "",
                        "id": "1654852a40d6b402bd62b25666f621fa9e1fe61c6e96a619c00403a64c69509e",
                        "type": "CanonicalUser",
                        "uri": ""
                      }
                    ],
                    "permission": "FULL_CONTROL"
                  }
                ],
                "owner": [
                  {
                    "display_name": "felip.3lima",
                    "id": "1654852a40d6b402bd62b25666f621fa9e1fe61c6e96a619c00403a64c69509e"
                  }
                ]
              }
            ],
            "acl": "private",
            "bucket": "my-tf-test-bucket-12312412412312",
            "expected_bucket_owner": "",
            "id": "my-tf-test-bucket-12312412412312,private"
          },
          "sensitive_attributes": [],
          "private": "bnVsbA=="
        }
      ]
    }
  ]
}
