{
  "version": 4,
  "terraform_version": "1.1.9",
  "serial": 12,
  "lineage": "7880c86b-35eb-306a-7a86-dd524667b7f1",
  "outputs": {
    "bucket-arn": {
      "value": "arn:aws:s3:::jointly-likely-primarily-hopeful-buck",
      "type": "string"
    },
    "bucket-name": {
      "value": "jointly-likely-primarily-hopeful-buck",
      "type": "string"
    },
    "bucket-website-arn": {
      "value": "arn:aws:s3:::separately-rarely-especially-proven-mink",
      "type": "string"
    },
    "bucket-website-files": {
      "value": [
        "error.html",
        "index.html"
      ],
      "type": [
        "tuple",
        [
          "string",
          "string"
        ]
      ]
    },
    "bucket-website-name": {
      "value": "separately-rarely-especially-proven-mink",
      "type": "string"
    },
    "bucket-website-url": {
      "value": "separately-rarely-especially-proven-mink.s3-website-us-east-1.amazonaws.com",
      "type": "string"
    }
  },
  "resources": [
    {
      "mode": "managed",
      "type": "random_pet",
      "name": "this",
      "provider": "provider[\"registry.terraform.io/hashicorp/random\"]",
      "instances": [
        {
          "schema_version": 0,
          "attributes": {
            "id": "jointly-likely-primarily-hopeful-buck",
            "keepers": null,
            "length": 5,
            "prefix": null,
            "separator": "-"
          },
          "sensitive_attributes": [],
          "private": "bnVsbA=="
        }
      ]
    },
    {
      "mode": "managed",
      "type": "random_pet",
      "name": "website",
      "provider": "provider[\"registry.terraform.io/hashicorp/random\"]",
      "instances": [
        {
          "schema_version": 0,
          "attributes": {
            "id": "separately-rarely-especially-proven-mink",
            "keepers": null,
            "length": 5,
            "prefix": null,
            "separator": "-"
          },
          "sensitive_attributes": [],
          "private": "bnVsbA=="
        }
      ]
    },
    {
      "module": "module.bucket",
      "mode": "managed",
      "type": "aws_s3_bucket",
      "name": "this",
      "provider": "provider[\"registry.terraform.io/hashicorp/aws\"]",
      "instances": [
        {
          "schema_version": 0,
          "attributes": {
            "acceleration_status": "",
            "acl": "private",
            "arn": "arn:aws:s3:::jointly-likely-primarily-hopeful-buck",
            "bucket": "jointly-likely-primarily-hopeful-buck",
            "bucket_domain_name": "jointly-likely-primarily-hopeful-buck.s3.amazonaws.com",
            "bucket_prefix": null,
            "bucket_regional_domain_name": "jointly-likely-primarily-hopeful-buck.s3.amazonaws.com",
            "cors_rule": [],
            "force_destroy": false,
            "grant": [
              {
                "id": "1654852a40d6b402bd62b25666f621fa9e1fe61c6e96a619c00403a64c69509e",
                "permissions": [
                  "FULL_CONTROL"
                ],
                "type": "CanonicalUser",
                "uri": ""
              }
            ],
            "hosted_zone_id": "Z3AQBSTGFYJSTF",
            "id": "jointly-likely-primarily-hopeful-buck",
            "lifecycle_rule": [],
            "logging": [],
            "object_lock_configuration": [],
            "object_lock_enabled": false,
            "policy": "",
            "region": "us-east-1",
            "replication_configuration": [],
            "request_payer": "BucketOwner",
            "server_side_encryption_configuration": [],
            "tags": {},
            "tags_all": {},
            "versioning": [
              {
                "enabled": true,
                "mfa_delete": false
              }
            ],
            "website": [],
            "website_domain": null,
            "website_endpoint": null
          },
          "sensitive_attributes": [],
          "private": "bnVsbA==",
          "dependencies": [
            "random_pet.this"
          ]
        }
      ]
    },
    {
      "module": "module.website",
      "mode": "managed",
      "type": "aws_s3_bucket",
      "name": "this",
      "provider": "provider[\"registry.terraform.io/hashicorp/aws\"]",
      "instances": [
        {
          "schema_version": 0,
          "attributes": {
            "acceleration_status": "",
            "acl": "public-read",
            "arn": "arn:aws:s3:::separately-rarely-especially-proven-mink",
            "bucket": "separately-rarely-especially-proven-mink",
            "bucket_domain_name": "separately-rarely-especially-proven-mink.s3.amazonaws.com",
            "bucket_prefix": null,
            "bucket_regional_domain_name": "separately-rarely-especially-proven-mink.s3.amazonaws.com",
            "cors_rule": [],
            "force_destroy": false,
            "grant": [
              {
                "id": "1654852a40d6b402bd62b25666f621fa9e1fe61c6e96a619c00403a64c69509e",
                "permissions": [
                  "FULL_CONTROL"
                ],
                "type": "CanonicalUser",
                "uri": ""
              }
            ],
            "hosted_zone_id": "Z3AQBSTGFYJSTF",
            "id": "separately-rarely-especially-proven-mink",
            "lifecycle_rule": [],
            "logging": [],
            "object_lock_configuration": [],
            "object_lock_enabled": false,
            "policy": "{\"Version\":\"2012-10-17\",\"Statement\":[{\"Sid\":\"PublicReadGetObject\",\"Effect\":\"Allow\",\"Principal\":\"*\",\"Action\":\"s3:GetObject\",\"Resource\":\"arn:aws:s3:::separately-rarely-especially-proven-mink/*\"}]}",
            "region": "us-east-1",
            "replication_configuration": [],
            "request_payer": "BucketOwner",
            "server_side_encryption_configuration": [],
            "tags": {},
            "tags_all": {},
            "versioning": [
              {
                "enabled": false,
                "mfa_delete": false
              }
            ],
            "website": [
              {
                "error_document": "error.html",
                "index_document": "index.html",
                "redirect_all_requests_to": "",
                "routing_rules": ""
              }
            ],
            "website_domain": "s3-website-us-east-1.amazonaws.com",
            "website_endpoint": "separately-rarely-especially-proven-mink.s3-website-us-east-1.amazonaws.com"
          },
          "sensitive_attributes": [],
          "private": "bnVsbA==",
          "dependencies": [
            "random_pet.website"
          ]
        }
      ]
    },
    {
      "module": "module.website.module.object[\"error.html\"]",
      "mode": "managed",
      "type": "aws_s3_bucket_object",
      "name": "this",
      "provider": "provider[\"registry.terraform.io/hashicorp/aws\"]",
      "instances": [
        {
          "schema_version": 0,
          "attributes": {
            "acl": "private",
            "bucket": "separately-rarely-especially-proven-mink",
            "bucket_key_enabled": false,
            "cache_control": "",
            "content": null,
            "content_base64": null,
            "content_disposition": "",
            "content_encoding": "",
            "content_language": "",
            "content_type": "text/html; charset=utf-8",
            "etag": "a57db18eeb68563c12a1206b3d84b29c",
            "force_destroy": false,
            "id": "/error.html",
            "key": "/error.html",
            "kms_key_id": null,
            "metadata": {},
            "object_lock_legal_hold_status": "",
            "object_lock_mode": "",
            "object_lock_retain_until_date": "",
            "server_side_encryption": "",
            "source": "./website/error.html",
            "source_hash": null,
            "storage_class": "STANDARD",
            "tags": {},
            "tags_all": {},
            "version_id": "",
            "website_redirect": ""
          },
          "sensitive_attributes": [],
          "private": "bnVsbA==",
          "dependencies": [
            "module.website.aws_s3_bucket.this",
            "random_pet.website"
          ]
        }
      ]
    },
    {
      "module": "module.website.module.object[\"index.html\"]",
      "mode": "managed",
      "type": "aws_s3_bucket_object",
      "name": "this",
      "provider": "provider[\"registry.terraform.io/hashicorp/aws\"]",
      "instances": [
        {
          "schema_version": 0,
          "attributes": {
            "acl": "private",
            "bucket": "separately-rarely-especially-proven-mink",
            "bucket_key_enabled": false,
            "cache_control": "",
            "content": null,
            "content_base64": null,
            "content_disposition": "",
            "content_encoding": "",
            "content_language": "",
            "content_type": "text/html; charset=utf-8",
            "etag": "aea6a61fe8a64f3b411c374b3321b072",
            "force_destroy": false,
            "id": "/index.html",
            "key": "/index.html",
            "kms_key_id": null,
            "metadata": {},
            "object_lock_legal_hold_status": "",
            "object_lock_mode": "",
            "object_lock_retain_until_date": "",
            "server_side_encryption": "",
            "source": "./website/index.html",
            "source_hash": null,
            "storage_class": "STANDARD",
            "tags": {},
            "tags_all": {},
            "version_id": "",
            "website_redirect": ""
          },
          "sensitive_attributes": [],
          "private": "bnVsbA==",
          "dependencies": [
            "module.website.aws_s3_bucket.this",
            "random_pet.website"
          ]
        }
      ]
    }
  ]
}
