{
  "version": 4,
  "terraform_version": "1.1.9",
  "serial": 9,
  "lineage": "ebcd9aff-e04e-94dd-67fd-5fe1da4abdb5",
  "outputs": {
    "extensions": {
      "value": [
        ".json",
        ".csv",
        ".xml"
      ],
      "type": [
        "tuple",
        [
          "string",
          "string",
          "string"
        ]
      ]
    },
    "extensions_upper": {
      "value": {
        ".csv": ".CSV",
        ".xml": ".XML"
      },
      "type": [
        "object",
        {
          ".csv": "string",
          ".xml": "string"
        }
      ]
    },
    "instance_arns": {
      "value": [
        "arn:aws:ec2:us-east-1:120200077469:instance/i-06bd760eba59dab53",
        "arn:aws:ec2:us-east-1:120200077469:instance/i-036dfcb83a5538cc4"
      ],
      "type": [
        "tuple",
        [
          "string",
          "string"
        ]
      ]
    },
    "instance_names": {
      "value": {
        "ci_cd": "ci_cd: CI/CD server",
        "web": "web: Web server"
      },
      "type": [
        "object",
        {
          "ci_cd": "string",
          "web": "string"
        }
      ]
    },
    "private_ips": {
      "value": [
        "123.123.123.23",
        "122.123.123.23"
      ],
      "type": [
        "tuple",
        [
          "string",
          "string"
        ]
      ]
    },
    "public_ips": {
      "value": [
        "123.123.123.22",
        "122.123.123.22"
      ],
      "type": [
        "tuple",
        [
          "string",
          "string"
        ]
      ]
    }
  },
  "resources": [
    {
      "mode": "data",
      "type": "aws_ami",
      "name": "ubuntu",
      "provider": "provider[\"registry.terraform.io/hashicorp/aws\"]",
      "instances": [
        {
          "schema_version": 0,
          "attributes": {
            "architecture": "x86_64",
            "arn": "arn:aws:ec2:us-east-1::image/ami-053d61dfb9b1d269d",
            "block_device_mappings": [
              {
                "device_name": "/dev/sda1",
                "ebs": {
                  "delete_on_termination": "true",
                  "encrypted": "false",
                  "iops": "0",
                  "snapshot_id": "snap-049e6f8778b8d8036",
                  "throughput": "0",
                  "volume_size": "35",
                  "volume_type": "gp2"
                },
                "no_device": "",
                "virtual_name": ""
              },
              {
                "device_name": "/dev/sdb",
                "ebs": {},
                "no_device": "",
                "virtual_name": "ephemeral0"
              },
              {
                "device_name": "/dev/sdc",
                "ebs": {},
                "no_device": "",
                "virtual_name": "ephemeral1"
              }
            ],
            "boot_mode": "",
            "creation_date": "2022-05-16T15:31:57.000Z",
            "deprecation_time": "2024-05-16T15:31:57.000Z",
            "description": "AWS ParallelCluster AMI for ubuntu2004, kernel-5.13.0-1023-aws, lustre-5.13.0.1023.25~20.04.16, efa-1.14.2-1.amzn1, dcv-2021.3.11591-1, slurm-21-08-8-2, nvidia-470.103.01",
            "ena_support": true,
            "executable_users": null,
            "filter": [
              {
                "name": "architecture",
                "values": [
                  "x86_64"
                ]
              }
            ],
            "hypervisor": "xen",
            "id": "ami-053d61dfb9b1d269d",
            "image_id": "ami-053d61dfb9b1d269d",
            "image_location": "amazon/aws-parallelcluster-3.1.4-ubuntu-2004-lts-hvm-x86_64-202205121006 2022-05-12T10-09-32.380Z",
            "image_owner_alias": "amazon",
            "image_type": "machine",
            "kernel_id": "",
            "most_recent": true,
            "name": "aws-parallelcluster-3.1.4-ubuntu-2004-lts-hvm-x86_64-202205121006 2022-05-12T10-09-32.380Z",
            "name_regex": "ubuntu",
            "owner_id": "247102896272",
            "owners": [
              "amazon"
            ],
            "platform": "",
            "platform_details": "Linux/UNIX",
            "product_codes": [],
            "public": true,
            "ramdisk_id": "",
            "root_device_name": "/dev/sda1",
            "root_device_type": "ebs",
            "root_snapshot_id": "snap-049e6f8778b8d8036",
            "sriov_net_support": "simple",
            "state": "available",
            "state_reason": {
              "code": "UNSET",
              "message": "UNSET"
            },
            "tags": {},
            "usage_operation": "RunInstances",
            "virtualization_type": "hvm"
          },
          "sensitive_attributes": []
        }
      ]
    },
    {
      "mode": "managed",
      "type": "aws_iam_user",
      "name": "the-accounts",
      "provider": "provider[\"registry.terraform.io/hashicorp/aws\"]",
      "instances": [
        {
          "index_key": "Alice",
          "schema_version": 0,
          "attributes": {
            "arn": "arn:aws:iam::120200077469:user/Alice",
            "force_destroy": false,
            "id": "Alice",
            "name": "Alice",
            "path": "/",
            "permissions_boundary": null,
            "tags": {},
            "tags_all": {},
            "unique_id": "AIDARX7D3UCOTH2VUQ2Q7"
          },
          "sensitive_attributes": [],
          "private": "bnVsbA=="
        },
        {
          "index_key": "Dottie",
          "schema_version": 0,
          "attributes": {
            "arn": "arn:aws:iam::120200077469:user/Dottie",
            "force_destroy": false,
            "id": "Dottie",
            "name": "Dottie",
            "path": "/",
            "permissions_boundary": null,
            "tags": {},
            "tags_all": {},
            "unique_id": "AIDARX7D3UCOR2VMMO3CO"
          },
          "sensitive_attributes": [],
          "private": "bnVsbA=="
        },
        {
          "index_key": "James",
          "schema_version": 0,
          "attributes": {
            "arn": "arn:aws:iam::120200077469:user/James",
            "force_destroy": false,
            "id": "James",
            "name": "James",
            "path": "/",
            "permissions_boundary": null,
            "tags": {},
            "tags_all": {},
            "unique_id": "AIDARX7D3UCO3RSFESE2G"
          },
          "sensitive_attributes": [],
          "private": "bnVsbA=="
        },
        {
          "index_key": "Todd",
          "schema_version": 0,
          "attributes": {
            "arn": "arn:aws:iam::120200077469:user/Todd",
            "force_destroy": false,
            "id": "Todd",
            "name": "Todd",
            "path": "/",
            "permissions_boundary": null,
            "tags": {},
            "tags_all": {},
            "unique_id": "AIDARX7D3UCOV3Z3PFH6V"
          },
          "sensitive_attributes": [],
          "private": "bnVsbA=="
        }
      ]
    },
    {
      "mode": "managed",
      "type": "aws_instance",
      "name": "this",
      "provider": "provider[\"registry.terraform.io/hashicorp/aws\"]",
      "instances": [
        {
          "index_key": "ci_cd",
          "schema_version": 1,
          "attributes": {
            "ami": "ami-053d61dfb9b1d269d",
            "arn": "arn:aws:ec2:us-east-1:120200077469:instance/i-06bd760eba59dab53",
            "associate_public_ip_address": true,
            "availability_zone": "us-east-1d",
            "capacity_reservation_specification": [
              {
                "capacity_reservation_preference": "open",
                "capacity_reservation_target": []
              }
            ],
            "cpu_core_count": 1,
            "cpu_threads_per_core": 1,
            "credit_specification": [
              {
                "cpu_credits": "standard"
              }
            ],
            "disable_api_termination": false,
            "ebs_block_device": [],
            "ebs_optimized": false,
            "enclave_options": [
              {
                "enabled": false
              }
            ],
            "ephemeral_block_device": [],
            "get_password_data": false,
            "hibernation": false,
            "host_id": null,
            "iam_instance_profile": "",
            "id": "i-06bd760eba59dab53",
            "instance_initiated_shutdown_behavior": "stop",
            "instance_state": "running",
            "instance_type": "t2.micro",
            "ipv6_address_count": 0,
            "ipv6_addresses": [],
            "key_name": "",
            "launch_template": [],
            "maintenance_options": [
              {
                "auto_recovery": "default"
              }
            ],
            "metadata_options": [
              {
                "http_endpoint": "enabled",
                "http_put_response_hop_limit": 1,
                "http_tokens": "optional",
                "instance_metadata_tags": "disabled"
              }
            ],
            "monitoring": false,
            "network_interface": [],
            "outpost_arn": "",
            "password_data": "",
            "placement_group": "",
            "placement_partition_number": null,
            "primary_network_interface_id": "eni-0b957c97db7274094",
            "private_dns": "ip-172-31-25-12.ec2.internal",
            "private_ip": "172.31.25.12",
            "public_dns": "ec2-54-225-27-37.compute-1.amazonaws.com",
            "public_ip": "54.225.27.37",
            "root_block_device": [
              {
                "delete_on_termination": true,
                "device_name": "/dev/sda1",
                "encrypted": false,
                "iops": 105,
                "kms_key_id": "",
                "tags": {},
                "throughput": 0,
                "volume_id": "vol-036e41c238700c6bb",
                "volume_size": 35,
                "volume_type": "gp2"
              }
            ],
            "secondary_private_ips": [],
            "security_groups": [
              "default"
            ],
            "source_dest_check": true,
            "subnet_id": "subnet-068f87d432e2c123b",
            "tags": {
              "Lesson": "Foreach, For, Splat",
              "Name": "ci_cd: CI/CD server",
              "Project": "Curso AWS com Terraform"
            },
            "tags_all": {
              "Lesson": "Foreach, For, Splat",
              "Name": "ci_cd: CI/CD server",
              "Project": "Curso AWS com Terraform"
            },
            "tenancy": "default",
            "timeouts": null,
            "user_data": null,
            "user_data_base64": null,
            "user_data_replace_on_change": false,
            "volume_tags": null,
            "vpc_security_group_ids": [
              "sg-08a36672aa9476ade"
            ]
          },
          "sensitive_attributes": [],
          "private": "eyJlMmJmYjczMC1lY2FhLTExZTYtOGY4OC0zNDM2M2JjN2M0YzAiOnsiY3JlYXRlIjo2MDAwMDAwMDAwMDAsImRlbGV0ZSI6MTIwMDAwMDAwMDAwMCwidXBkYXRlIjo2MDAwMDAwMDAwMDB9LCJzY2hlbWFfdmVyc2lvbiI6IjEifQ==",
          "dependencies": [
            "data.aws_ami.ubuntu"
          ]
        },
        {
          "index_key": "web",
          "schema_version": 1,
          "attributes": {
            "ami": "ami-053d61dfb9b1d269d",
            "arn": "arn:aws:ec2:us-east-1:120200077469:instance/i-036dfcb83a5538cc4",
            "associate_public_ip_address": true,
            "availability_zone": "us-east-1d",
            "capacity_reservation_specification": [
              {
                "capacity_reservation_preference": "open",
                "capacity_reservation_target": []
              }
            ],
            "cpu_core_count": 1,
            "cpu_threads_per_core": 1,
            "credit_specification": [
              {
                "cpu_credits": "standard"
              }
            ],
            "disable_api_termination": false,
            "ebs_block_device": [],
            "ebs_optimized": false,
            "enclave_options": [
              {
                "enabled": false
              }
            ],
            "ephemeral_block_device": [],
            "get_password_data": false,
            "hibernation": false,
            "host_id": null,
            "iam_instance_profile": "",
            "id": "i-036dfcb83a5538cc4",
            "instance_initiated_shutdown_behavior": "stop",
            "instance_state": "running",
            "instance_type": "t2.micro",
            "ipv6_address_count": 0,
            "ipv6_addresses": [],
            "key_name": "",
            "launch_template": [],
            "maintenance_options": [
              {
                "auto_recovery": "default"
              }
            ],
            "metadata_options": [
              {
                "http_endpoint": "enabled",
                "http_put_response_hop_limit": 1,
                "http_tokens": "optional",
                "instance_metadata_tags": "disabled"
              }
            ],
            "monitoring": false,
            "network_interface": [],
            "outpost_arn": "",
            "password_data": "",
            "placement_group": "",
            "placement_partition_number": null,
            "primary_network_interface_id": "eni-0941ac7c7b698c8e6",
            "private_dns": "ip-172-31-16-65.ec2.internal",
            "private_ip": "172.31.16.65",
            "public_dns": "ec2-54-87-40-33.compute-1.amazonaws.com",
            "public_ip": "54.87.40.33",
            "root_block_device": [
              {
                "delete_on_termination": true,
                "device_name": "/dev/sda1",
                "encrypted": false,
                "iops": 105,
                "kms_key_id": "",
                "tags": {},
                "throughput": 0,
                "volume_id": "vol-031476c1626403c2c",
                "volume_size": 35,
                "volume_type": "gp2"
              }
            ],
            "secondary_private_ips": [],
            "security_groups": [
              "default"
            ],
            "source_dest_check": true,
            "subnet_id": "subnet-068f87d432e2c123b",
            "tags": {
              "Lesson": "Foreach, For, Splat",
              "Name": "web: Web server",
              "Project": "Curso AWS com Terraform"
            },
            "tags_all": {
              "Lesson": "Foreach, For, Splat",
              "Name": "web: Web server",
              "Project": "Curso AWS com Terraform"
            },
            "tenancy": "default",
            "timeouts": null,
            "user_data": null,
            "user_data_base64": null,
            "user_data_replace_on_change": false,
            "volume_tags": null,
            "vpc_security_group_ids": [
              "sg-08a36672aa9476ade"
            ]
          },
          "sensitive_attributes": [],
          "private": "eyJlMmJmYjczMC1lY2FhLTExZTYtOGY4OC0zNDM2M2JjN2M0YzAiOnsiY3JlYXRlIjo2MDAwMDAwMDAwMDAsImRlbGV0ZSI6MTIwMDAwMDAwMDAwMCwidXBkYXRlIjo2MDAwMDAwMDAwMDB9LCJzY2hlbWFfdmVyc2lvbiI6IjEifQ==",
          "dependencies": [
            "data.aws_ami.ubuntu"
          ]
        }
      ]
    }
  ]
}
